{
  "name": "yinli",
  "version": "1.0.0",
  "lockfileVersion": 1,
  "requires": true,
  "dependencies": {
    "vant-weapp": {
      "version": "0.5.12",
      "resolved": "https://registry.npm.taobao.org/vant-weapp/download/vant-weapp-0.5.12.tgz",
      "integrity": "sha1-3DhQ6aMn6FXVKxBq4JqxLBjkzCI="
    },
    "wux-weapp": {
      "version": "3.5.0",
      "resolved": "https://registry.npm.taobao.org/wux-weapp/download/wux-weapp-3.5.0.tgz",
      "integrity": "sha1-3dyTsWSozGWw6280FWrDoxUliv8="
    }
  }
}
